
Microsoft Visual Studio Solution File, Format Version 12.00
# Visual Studio Version 17
VisualStudioVersion = 17.14.36327.8
MinimumVisualStudioVersion = 10.0.40219.1
Project("{FAE04EC0-301F-11D3-BF4B-00C04F79EFBC}") = "StrangeShitEnabler", "ClassLibrary1\StrangeShitEnabler.csproj", "{D12A0621-B181-471E-AAC4-2FA3DAB90AFF}"
EndProject
Global
	GlobalSection(SolutionConfigurationPlatforms) = preSolution
		Debug|Any CPU = Debug|Any CPU
		Release|Any CPU = Release|Any CPU
	EndGlobalSection
	GlobalSection(ProjectConfigurationPlatforms) = postSolution
		{D12A0621-B181-471E-AAC4-2FA3DAB90AFF}.Debug|Any CPU.ActiveCfg = Debug|Any CPU
		{D12A0621-B181-471E-AAC4-2FA3DAB90AFF}.Debug|Any CPU.Build.0 = Debug|Any CPU
		{D12A0621-B181-471E-AAC4-2FA3DAB90AFF}.Release|Any CPU.ActiveCfg = Release|Any CPU
		{D12A0621-B181-471E-AAC4-2FA3DAB90AFF}.Release|Any CPU.Build.0 = Release|Any CPU
	EndGlobalSection
	GlobalSection(SolutionProperties) = preSolution
		HideSolutionNode = FALSE
	EndGlobalSection
	GlobalSection(ExtensibilityGlobals) = postSolution
		SolutionGuid = {E2FC4B55-9963-425B-A8D4-EEB66628F221}
	EndGlobalSection
EndGlobal
